{
  "name": "zsrecryle",
  "version": "1.0.0",
  "lockfileVersion": 2,
  "requires": true,
  "packages": {
    "": {
      "name": "zsrecryle",
      "version": "1.0.0",
      "license": "ISC",
      "dependencies": {
        "@amap/amap-jsapi-loader": "^1.0.1",
        "crypto-js": "^4.0.0",
        "manba": "^1.3.3",
        "uview-ui": "^1.8.4"
      }
    },
    "node_modules/@amap/amap-jsapi-loader": {
      "version": "1.0.1",
      "resolved": "https://registry.npmjs.org/@amap/amap-jsapi-loader/-/amap-jsapi-loader-1.0.1.tgz",
      "integrity": "sha512-nPyLKt7Ow/ThHLkSvn2etQlUzqxmTVgK7bIgwdBRTg2HK5668oN7xVxkaiRe3YZEzGzfV2XgH5Jmu2T73ljejw=="
    },
    "node_modules/crypto-js": {
      "version": "4.0.0",
      "resolved": "https://registry.npmjs.org/crypto-js/-/crypto-js-4.0.0.tgz",
      "integrity": "sha512-bzHZN8Pn+gS7DQA6n+iUmBfl0hO5DJq++QP3U6uTucDtk/0iGpXd/Gg7CGR0p8tJhofJyaKoWBuJI4eAO00BBg=="
    },
    "node_modules/manba": {
      "version": "1.3.3",
      "resolved": "https://registry.npmjs.org/manba/-/manba-1.3.3.tgz",
      "integrity": "sha512-uF5iw9yEUpOoUDKzCRGEhASriXkcy9/ubzxUsGEI36AtYAXx1lRD5BJIvuHD/8l8rwmnfMbgJoSVSNRAQ4iN/A=="
    },
    "node_modules/uview-ui": {
      "version": "1.8.4",
      "resolved": "https://registry.npmjs.org/uview-ui/-/uview-ui-1.8.4.tgz",
      "integrity": "sha512-Zr+D5dFdNy6CdHQLBEXeGq/w0LkjxzBtsgaaDwLl0P58g67H7fBBDvy6AzWK/k0c7dwPYMBiK7I4Tr9p92+0DA=="
    }
  },
  "dependencies": {
    "@amap/amap-jsapi-loader": {
      "version": "1.0.1",
      "resolved": "https://registry.npmjs.org/@amap/amap-jsapi-loader/-/amap-jsapi-loader-1.0.1.tgz",
      "integrity": "sha512-nPyLKt7Ow/ThHLkSvn2etQlUzqxmTVgK7bIgwdBRTg2HK5668oN7xVxkaiRe3YZEzGzfV2XgH5Jmu2T73ljejw=="
    },
    "crypto-js": {
      "version": "4.0.0",
      "resolved": "https://registry.npmjs.org/crypto-js/-/crypto-js-4.0.0.tgz",
      "integrity": "sha512-bzHZN8Pn+gS7DQA6n+iUmBfl0hO5DJq++QP3U6uTucDtk/0iGpXd/Gg7CGR0p8tJhofJyaKoWBuJI4eAO00BBg=="
    },
    "manba": {
      "version": "1.3.3",
      "resolved": "https://registry.npmjs.org/manba/-/manba-1.3.3.tgz",
      "integrity": "sha512-uF5iw9yEUpOoUDKzCRGEhASriXkcy9/ubzxUsGEI36AtYAXx1lRD5BJIvuHD/8l8rwmnfMbgJoSVSNRAQ4iN/A=="
    },
    "uview-ui": {
      "version": "1.8.4",
      "resolved": "https://registry.npmjs.org/uview-ui/-/uview-ui-1.8.4.tgz",
      "integrity": "sha512-Zr+D5dFdNy6CdHQLBEXeGq/w0LkjxzBtsgaaDwLl0P58g67H7fBBDvy6AzWK/k0c7dwPYMBiK7I4Tr9p92+0DA=="
    }
  }
}
